{
  "name": "cub3d-editor",
  "version": "1.2.0",
  "lockfileVersion": 3,
  "requires": true,
  "packages": {
    "": {
      "name": "cub3d-editor",
      "version": "1.2.0",
      "license": "MulanPSL-2",
      "dependencies": {
        "opencc-js": "^1.4.2"
      }
    },
    "node_modules/opencc-js": {
      "version": "1.4.2",
      "resolved": "https://registry.npmjs.org/opencc-js/-/opencc-js-1.4.2.tgz",
      "integrity": "sha512-EdcspgdROiCCZDM+jZR6Pa670xW+EW2QhctPBQ8gRjg6lrx4IHEl+2s+kt5izk/TkxVRgdWuFgaGkaEdIUfdaw==",
      "license": "MIT AND Apache-2.0"
    }
  }
}
