{
  "name": "cub3d-editor",
  "version": "1.0.0",
  "lockfileVersion": 3,
  "requires": true,
  "packages": {
    "": {
      "name": "cub3d-editor",
      "version": "1.0.0",
      "license": "ISC",
      "dependencies": {
        "opencc-js": "^1.4.1"
      }
    },
    "node_modules/opencc-js": {
      "version": "1.4.1",
      "resolved": "https://registry.npmjs.org/opencc-js/-/opencc-js-1.4.1.tgz",
      "integrity": "sha512-2lPLcrg7cnh1ATSduOxhnk/jq6KlR6w+5Ihl4wF7Z5e5Rva4vxTyugV5rZ7EiUCOZl+EDOLetIix+BhgYDCC+A==",
      "license": "MIT AND Apache-2.0"
    }
  }
}
